
Microsoft Visual Studio Solution File, Format Version 12.00
# Visual Studio Version 17
VisualStudioVersion = 17.0.31903.59
MinimumVisualStudioVersion = 10.0.40219.1
Project("{9A19103F-16F7-4668-BE54-9A1E7A4F7556}") = "FilmForumWebAPI", "src\FilmForumWebAPI\FilmForumWebAPI.csproj", "{A398188A-1CAA-43A4-8D8A-FDB3CF7B08B9}"
EndProject
Project("{9A19103F-16F7-4668-BE54-9A1E7A4F7556}") = "FilmForumWebAPI.UnitTests", "tests\FilmForumWebAPI.UnitTests\FilmForumWebAPI.UnitTests.csproj", "{DFC49A7B-B12D-4100-8373-A4D21F1E0363}"
EndProject
Project("{2150E333-8FDC-42A3-9474-1A3956D46DE8}") = "src", "src", "{B8BDCC10-3030-4917-8C17-DC20FD98FA39}"
EndProject
Project("{2150E333-8FDC-42A3-9474-1A3956D46DE8}") = "tests", "tests", "{0C9FA177-CC59-415A-8ACC-D58F2E429308}"
EndProject
Project("{9A19103F-16F7-4668-BE54-9A1E7A4F7556}") = "PasswordManager", "src\PasswordManager\PasswordManager.csproj", "{3335B796-BFFB-40EF-B150-3D278DBD4A95}"
EndProject
Project("{9A19103F-16F7-4668-BE54-9A1E7A4F7556}") = "PasswordManager.UnitTests", "tests\PasswordManager.UnitTests\PasswordManager.UnitTests.csproj", "{FEB83BBC-FFBF-4CC2-8337-E8EAF26015F8}"
EndProject
Project("{9A19103F-16F7-4668-BE54-9A1E7A4F7556}") = "AuthenticationManager", "src\AuthenticationManager\AuthenticationManager.csproj", "{792A3A38-9F9D-4FBD-83FD-3E7B79DC1E94}"
EndProject
Project("{9A19103F-16F7-4668-BE54-9A1E7A4F7556}") = "AuthenticationManager.UnitTests", "tests\AuthenticationManager.UnitTests\AuthenticationManager.UnitTests.csproj", "{44DB55DF-0212-4AC9-B27A-76C59D0FE39E}"
EndProject
Project("{9A19103F-16F7-4668-BE54-9A1E7A4F7556}") = "FilmForumModels", "src\FilmForumModels\FilmForumModels.csproj", "{EE7034BA-1858-4126-B5E9-E8A41F6F19D1}"
EndProject
Project("{9A19103F-16F7-4668-BE54-9A1E7A4F7556}") = "EmailSender", "src\EmailSender\EmailSender.csproj", "{E6B22EFA-AC93-4344-9AE4-777B5FB52AB0}"
EndProject
Project("{FAE04EC0-301F-11D3-BF4B-00C04F79EFBC}") = "EmailSender.IntegrationTests", "tests\EmailSender.IntegrationTests\EmailSender.IntegrationTests.csproj", "{D0A76C00-C138-4166-BB19-1ADB2271C6F5}"
EndProject
Global
	GlobalSection(SolutionConfigurationPlatforms) = preSolution
		Debug|Any CPU = Debug|Any CPU
		Release|Any CPU = Release|Any CPU
	EndGlobalSection
	GlobalSection(ProjectConfigurationPlatforms) = postSolution
		{A398188A-1CAA-43A4-8D8A-FDB3CF7B08B9}.Debug|Any CPU.ActiveCfg = Debug|Any CPU
		{A398188A-1CAA-43A4-8D8A-FDB3CF7B08B9}.Debug|Any CPU.Build.0 = Debug|Any CPU
		{A398188A-1CAA-43A4-8D8A-FDB3CF7B08B9}.Release|Any CPU.ActiveCfg = Release|Any CPU
		{A398188A-1CAA-43A4-8D8A-FDB3CF7B08B9}.Release|Any CPU.Build.0 = Release|Any CPU
		{DFC49A7B-B12D-4100-8373-A4D21F1E0363}.Debug|Any CPU.ActiveCfg = Debug|Any CPU
		{DFC49A7B-B12D-4100-8373-A4D21F1E0363}.Debug|Any CPU.Build.0 = Debug|Any CPU
		{DFC49A7B-B12D-4100-8373-A4D21F1E0363}.Release|Any CPU.ActiveCfg = Release|Any CPU
		{DFC49A7B-B12D-4100-8373-A4D21F1E0363}.Release|Any CPU.Build.0 = Release|Any CPU
		{3335B796-BFFB-40EF-B150-3D278DBD4A95}.Debug|Any CPU.ActiveCfg = Debug|Any CPU
		{3335B796-BFFB-40EF-B150-3D278DBD4A95}.Debug|Any CPU.Build.0 = Debug|Any CPU
		{3335B796-BFFB-40EF-B150-3D278DBD4A95}.Release|Any CPU.ActiveCfg = Release|Any CPU
		{3335B796-BFFB-40EF-B150-3D278DBD4A95}.Release|Any CPU.Build.0 = Release|Any CPU
		{FEB83BBC-FFBF-4CC2-8337-E8EAF26015F8}.Debug|Any CPU.ActiveCfg = Debug|Any CPU
		{FEB83BBC-FFBF-4CC2-8337-E8EAF26015F8}.Debug|Any CPU.Build.0 = Debug|Any CPU
		{FEB83BBC-FFBF-4CC2-8337-E8EAF26015F8}.Release|Any CPU.ActiveCfg = Release|Any CPU
		{FEB83BBC-FFBF-4CC2-8337-E8EAF26015F8}.Release|Any CPU.Build.0 = Release|Any CPU
		{792A3A38-9F9D-4FBD-83FD-3E7B79DC1E94}.Debug|Any CPU.ActiveCfg = Debug|Any CPU
		{792A3A38-9F9D-4FBD-83FD-3E7B79DC1E94}.Debug|Any CPU.Build.0 = Debug|Any CPU
		{792A3A38-9F9D-4FBD-83FD-3E7B79DC1E94}.Release|Any CPU.ActiveCfg = Release|Any CPU
		{792A3A38-9F9D-4FBD-83FD-3E7B79DC1E94}.Release|Any CPU.Build.0 = Release|Any CPU
		{44DB55DF-0212-4AC9-B27A-76C59D0FE39E}.Debug|Any CPU.ActiveCfg = Debug|Any CPU
		{44DB55DF-0212-4AC9-B27A-76C59D0FE39E}.Debug|Any CPU.Build.0 = Debug|Any CPU
		{44DB55DF-0212-4AC9-B27A-76C59D0FE39E}.Release|Any CPU.ActiveCfg = Release|Any CPU
		{44DB55DF-0212-4AC9-B27A-76C59D0FE39E}.Release|Any CPU.Build.0 = Release|Any CPU
		{EE7034BA-1858-4126-B5E9-E8A41F6F19D1}.Debug|Any CPU.ActiveCfg = Debug|Any CPU
		{EE7034BA-1858-4126-B5E9-E8A41F6F19D1}.Debug|Any CPU.Build.0 = Debug|Any CPU
		{EE7034BA-1858-4126-B5E9-E8A41F6F19D1}.Release|Any CPU.ActiveCfg = Release|Any CPU
		{EE7034BA-1858-4126-B5E9-E8A41F6F19D1}.Release|Any CPU.Build.0 = Release|Any CPU
		{E6B22EFA-AC93-4344-9AE4-777B5FB52AB0}.Debug|Any CPU.ActiveCfg = Debug|Any CPU
		{E6B22EFA-AC93-4344-9AE4-777B5FB52AB0}.Debug|Any CPU.Build.0 = Debug|Any CPU
		{E6B22EFA-AC93-4344-9AE4-777B5FB52AB0}.Release|Any CPU.ActiveCfg = Release|Any CPU
		{E6B22EFA-AC93-4344-9AE4-777B5FB52AB0}.Release|Any CPU.Build.0 = Release|Any CPU
		{D0A76C00-C138-4166-BB19-1ADB2271C6F5}.Debug|Any CPU.ActiveCfg = Debug|Any CPU
		{D0A76C00-C138-4166-BB19-1ADB2271C6F5}.Debug|Any CPU.Build.0 = Debug|Any CPU
		{D0A76C00-C138-4166-BB19-1ADB2271C6F5}.Release|Any CPU.ActiveCfg = Release|Any CPU
		{D0A76C00-C138-4166-BB19-1ADB2271C6F5}.Release|Any CPU.Build.0 = Release|Any CPU
	EndGlobalSection
	GlobalSection(SolutionProperties) = preSolution
		HideSolutionNode = FALSE
	EndGlobalSection
	GlobalSection(NestedProjects) = preSolution
		{A398188A-1CAA-43A4-8D8A-FDB3CF7B08B9} = {B8BDCC10-3030-4917-8C17-DC20FD98FA39}
		{DFC49A7B-B12D-4100-8373-A4D21F1E0363} = {0C9FA177-CC59-415A-8ACC-D58F2E429308}
		{3335B796-BFFB-40EF-B150-3D278DBD4A95} = {B8BDCC10-3030-4917-8C17-DC20FD98FA39}
		{FEB83BBC-FFBF-4CC2-8337-E8EAF26015F8} = {0C9FA177-CC59-415A-8ACC-D58F2E429308}
		{792A3A38-9F9D-4FBD-83FD-3E7B79DC1E94} = {B8BDCC10-3030-4917-8C17-DC20FD98FA39}
		{44DB55DF-0212-4AC9-B27A-76C59D0FE39E} = {0C9FA177-CC59-415A-8ACC-D58F2E429308}
		{EE7034BA-1858-4126-B5E9-E8A41F6F19D1} = {B8BDCC10-3030-4917-8C17-DC20FD98FA39}
		{E6B22EFA-AC93-4344-9AE4-777B5FB52AB0} = {B8BDCC10-3030-4917-8C17-DC20FD98FA39}
		{D0A76C00-C138-4166-BB19-1ADB2271C6F5} = {0C9FA177-CC59-415A-8ACC-D58F2E429308}
	EndGlobalSection
	GlobalSection(ExtensibilityGlobals) = postSolution
		SolutionGuid = {67474F8F-1DCC-4935-B7F0-EEC98C551789}
	EndGlobalSection
EndGlobal
