
Microsoft Visual Studio Solution File, Format Version 12.00
# Visual Studio Version 17
VisualStudioVersion = 17.0.31903.59
MinimumVisualStudioVersion = 10.0.40219.1
Project("{9A19103F-16F7-4668-BE54-9A1E7A4F7556}") = "FilmForumWebAPI", "FilmForumWebAPI\FilmForumWebAPI.csproj", "{A398188A-1CAA-43A4-8D8A-FDB3CF7B08B9}"
EndProject
Project("{FAE04EC0-301F-11D3-BF4B-00C04F79EFBC}") = "FilmForumWebAPI.UnitTests", "FilmForumWebAPI.UnitTests\FilmForumWebAPI.UnitTests.csproj", "{DFC49A7B-B12D-4100-8373-A4D21F1E0363}"
EndProject
Global
	GlobalSection(SolutionConfigurationPlatforms) = preSolution
		Debug|Any CPU = Debug|Any CPU
		Release|Any CPU = Release|Any CPU
	EndGlobalSection
	GlobalSection(ProjectConfigurationPlatforms) = postSolution
		{A398188A-1CAA-43A4-8D8A-FDB3CF7B08B9}.Debug|Any CPU.ActiveCfg = Debug|Any CPU
		{A398188A-1CAA-43A4-8D8A-FDB3CF7B08B9}.Debug|Any CPU.Build.0 = Debug|Any CPU
		{A398188A-1CAA-43A4-8D8A-FDB3CF7B08B9}.Release|Any CPU.ActiveCfg = Release|Any CPU
		{A398188A-1CAA-43A4-8D8A-FDB3CF7B08B9}.Release|Any CPU.Build.0 = Release|Any CPU
		{DFC49A7B-B12D-4100-8373-A4D21F1E0363}.Debug|Any CPU.ActiveCfg = Debug|Any CPU
		{DFC49A7B-B12D-4100-8373-A4D21F1E0363}.Debug|Any CPU.Build.0 = Debug|Any CPU
		{DFC49A7B-B12D-4100-8373-A4D21F1E0363}.Release|Any CPU.ActiveCfg = Release|Any CPU
		{DFC49A7B-B12D-4100-8373-A4D21F1E0363}.Release|Any CPU.Build.0 = Release|Any CPU
	EndGlobalSection
	GlobalSection(SolutionProperties) = preSolution
		HideSolutionNode = FALSE
	EndGlobalSection
	GlobalSection(ExtensibilityGlobals) = postSolution
		SolutionGuid = {67474F8F-1DCC-4935-B7F0-EEC98C551789}
	EndGlobalSection
EndGlobal
